
Microsoft Visual Studio Solution File, Format Version 12.00
# Visual Studio Version 17
VisualStudioVersion = 17.1.32127.271
MinimumVisualStudioVersion = 10.0.40219.1
Project("{9A19103F-16F7-4668-BE54-9A1E7A4F7556}") = "CarsAndTanks", "CarsAndTanks.csproj", "{CCD2760C-9D19-4430-AF8E-B2D46E36F2EA}"
EndProject
Global
	GlobalSection(SolutionConfigurationPlatforms) = preSolution
		Debug|Any CPU = Debug|Any CPU
		Release|Any CPU = Release|Any CPU
	EndGlobalSection
	GlobalSection(ProjectConfigurationPlatforms) = postSolution
		{CCD2760C-9D19-4430-AF8E-B2D46E36F2EA}.Debug|Any CPU.ActiveCfg = Debug|Any CPU
		{CCD2760C-9D19-4430-AF8E-B2D46E36F2EA}.Debug|Any CPU.Build.0 = Debug|Any CPU
		{CCD2760C-9D19-4430-AF8E-B2D46E36F2EA}.Release|Any CPU.ActiveCfg = Release|Any CPU
		{CCD2760C-9D19-4430-AF8E-B2D46E36F2EA}.Release|Any CPU.Build.0 = Release|Any CPU
	EndGlobalSection
	GlobalSection(SolutionProperties) = preSolution
		HideSolutionNode = FALSE
	EndGlobalSection
	GlobalSection(ExtensibilityGlobals) = postSolution
		SolutionGuid = {D4F3F45F-EEA5-45F8-AE49-D7F20B97E074}
	EndGlobalSection
EndGlobal
